// !$*UTF8*$!
{
	archiveVersion = 1;
	classes = {
	};
	objectVersion = 70;
	objects = {

/* Begin PBXBuildFile section */
		CD12169B2C8F970200420E1D /* Extension.swift in Sources */ = {isa = PBXBuildFile; fileRef = CD12169A2C8F970200420E1D /* Extension.swift */; };
		CD2A5C9E2C8F905300CCD661 /* WildHorsesApp.swift in Sources */ = {isa = PBXBuildFile; fileRef = CD2A5C9D2C8F905300CCD661 /* WildHorsesApp.swift */; };
		CD2A5CA62C8F905400CCD661 /* Preview Assets.xcassets in Resources */ = {isa = PBXBuildFile; fileRef = CD2A5CA52C8F905400CCD661 /* Preview Assets.xcassets */; };
		CD2A5CB02C8F905500CCD661 /* WildHorsesTests.swift in Sources */ = {isa = PBXBuildFile; fileRef = CD2A5CAF2C8F905500CCD661 /* WildHorsesTests.swift */; };
		CD2A5CBA2C8F905500CCD661 /* WildHorsesUITests.swift in Sources */ = {isa = PBXBuildFile; fileRef = CD2A5CB92C8F905500CCD661 /* WildHorsesUITests.swift */; };
		CD2A5CBC2C8F905500CCD661 /* WildHorsesUITestsLaunchTests.swift in Sources */ = {isa = PBXBuildFile; fileRef = CD2A5CBB2C8F905500CCD661 /* WildHorsesUITestsLaunchTests.swift */; };
		CD4EE8E72E55FDA2007386D9 /* Girl.atlas in Resources */ = {isa = PBXBuildFile; fileRef = CD4EE8DF2E55FDA2007386D9 /* Girl.atlas */; };
		CD4EE8E82E55FDA2007386D9 /* Assets.xcassets in Resources */ = {isa = PBXBuildFile; fileRef = CD4EE8E52E55FDA2007386D9 /* Assets.xcassets */; };
		CD4EE8E92E55FDA2007386D9 /* Horse.atlas in Resources */ = {isa = PBXBuildFile; fileRef = CD4EE8E02E55FDA2007386D9 /* Horse.atlas */; };
		CD4EE8EA2E55FDA2007386D9 /* MenuView.swift in Sources */ = {isa = PBXBuildFile; fileRef = CD4EE8E32E55FDA2007386D9 /* MenuView.swift */; };
		CD4EE8EB2E55FDA2007386D9 /* CatchHorsesView.swift in Sources */ = {isa = PBXBuildFile; fileRef = CD4EE8E22E55FDA2007386D9 /* CatchHorsesView.swift */; };
		CD4EE8EC2E55FDA2007386D9 /* RouteViews.swift in Sources */ = {isa = PBXBuildFile; fileRef = CD4EE8DD2E55FDA2007386D9 /* RouteViews.swift */; };
/* End PBXBuildFile section */

/* Begin PBXContainerItemProxy section */
		CD2A5CAC2C8F905400CCD661 /* PBXContainerItemProxy */ = {
			isa = PBXContainerItemProxy;
			containerPortal = CD2A5C922C8F905300CCD661 /* Project object */;
			proxyType = 1;
			remoteGlobalIDString = CD2A5C992C8F905300CCD661;
			remoteInfo = WildHorses;
		};
		CD2A5CB62C8F905500CCD661 /* PBXContainerItemProxy */ = {
			isa = PBXContainerItemProxy;
			containerPortal = CD2A5C922C8F905300CCD661 /* Project object */;
			proxyType = 1;
			remoteGlobalIDString = CD2A5C992C8F905300CCD661;
			remoteInfo = WildHorses;
		};
/* End PBXContainerItemProxy section */

/* Begin PBXFileReference section */
		CD12169A2C8F970200420E1D /* Extension.swift */ = {isa = PBXFileReference; lastKnownFileType = sourcecode.swift; path = Extension.swift; sourceTree = "<group>"; };
		CD2A5C9A2C8F905300CCD661 /* WildHorses.app */ = {isa = PBXFileReference; explicitFileType = wrapper.application; includeInIndex = 0; path = WildHorses.app; sourceTree = BUILT_PRODUCTS_DIR; };
		CD2A5C9D2C8F905300CCD661 /* WildHorsesApp.swift */ = {isa = PBXFileReference; lastKnownFileType = sourcecode.swift; path = WildHorsesApp.swift; sourceTree = "<group>"; };
		CD2A5CA32C8F905400CCD661 /* WildHorses.entitlements */ = {isa = PBXFileReference; lastKnownFileType = text.plist.entitlements; path = WildHorses.entitlements; sourceTree = "<group>"; };
		CD2A5CA52C8F905400CCD661 /* Preview Assets.xcassets */ = {isa = PBXFileReference; lastKnownFileType = folder.assetcatalog; path = "Preview Assets.xcassets"; sourceTree = "<group>"; };
		CD2A5CAB2C8F905400CCD661 /* WildHorsesTests.xctest */ = {isa = PBXFileReference; explicitFileType = wrapper.cfbundle; includeInIndex = 0; path = WildHorsesTests.xctest; sourceTree = BUILT_PRODUCTS_DIR; };
		CD2A5CAF2C8F905500CCD661 /* WildHorsesTests.swift */ = {isa = PBXFileReference; lastKnownFileType = sourcecode.swift; path = WildHorsesTests.swift; sourceTree = "<group>"; };
		CD2A5CB52C8F905500CCD661 /* WildHorsesUITests.xctest */ = {isa = PBXFileReference; explicitFileType = wrapper.cfbundle; includeInIndex = 0; path = WildHorsesUITests.xctest; sourceTree = BUILT_PRODUCTS_DIR; };
		CD2A5CB92C8F905500CCD661 /* WildHorsesUITests.swift */ = {isa = PBXFileReference; lastKnownFileType = sourcecode.swift; path = WildHorsesUITests.swift; sourceTree = "<group>"; };
		CD2A5CBB2C8F905500CCD661 /* WildHorsesUITestsLaunchTests.swift */ = {isa = PBXFileReference; lastKnownFileType = sourcecode.swift; path = WildHorsesUITestsLaunchTests.swift; sourceTree = "<group>"; };
		CD4EE8DD2E55FDA2007386D9 /* RouteViews.swift */ = {isa = PBXFileReference; lastKnownFileType = sourcecode.swift; path = RouteViews.swift; sourceTree = "<group>"; };
		CD4EE8DF2E55FDA2007386D9 /* Girl.atlas */ = {isa = PBXFileReference; lastKnownFileType = folder.skatlas; path = Girl.atlas; sourceTree = "<group>"; };
		CD4EE8E02E55FDA2007386D9 /* Horse.atlas */ = {isa = PBXFileReference; lastKnownFileType = folder.skatlas; path = Horse.atlas; sourceTree = "<group>"; };
		CD4EE8E22E55FDA2007386D9 /* CatchHorsesView.swift */ = {isa = PBXFileReference; lastKnownFileType = sourcecode.swift; path = CatchHorsesView.swift; sourceTree = "<group>"; };
		CD4EE8E32E55FDA2007386D9 /* MenuView.swift */ = {isa = PBXFileReference; lastKnownFileType = sourcecode.swift; path = MenuView.swift; sourceTree = "<group>"; };
		CD4EE8E52E55FDA2007386D9 /* Assets.xcassets */ = {isa = PBXFileReference; lastKnownFileType = folder.assetcatalog; path = Assets.xcassets; sourceTree = "<group>"; };
/* End PBXFileReference section */

/* Begin PBXFileSystemSynchronizedRootGroup section */
		CD3A48FC2E5281DA00C07DF7 /* Scenes */ = {isa = PBXFileSystemSynchronizedRootGroup; explicitFileTypes = {}; explicitFolders = (); path = Scenes; sourceTree = "<group>"; };
		CD3A49072E5543AF00C07DF7 /* GameSetup */ = {isa = PBXFileSystemSynchronizedRootGroup; explicitFileTypes = {}; explicitFolders = (); path = GameSetup; sourceTree = "<group>"; };
/* End PBXFileSystemSynchronizedRootGroup section */

/* Begin PBXFrameworksBuildPhase section */
		CD2A5C972C8F905300CCD661 /* Frameworks */ = {
			isa = PBXFrameworksBuildPhase;
			buildActionMask = 2147483647;
			files = (
			);
			runOnlyForDeploymentPostprocessing = 0;
		};
		CD2A5CA82C8F905400CCD661 /* Frameworks */ = {
			isa = PBXFrameworksBuildPhase;
			buildActionMask = 2147483647;
			files = (
			);
			runOnlyForDeploymentPostprocessing = 0;
		};
		CD2A5CB22C8F905500CCD661 /* Frameworks */ = {
			isa = PBXFrameworksBuildPhase;
			buildActionMask = 2147483647;
			files = (
			);
			runOnlyForDeploymentPostprocessing = 0;
		};
/* End PBXFrameworksBuildPhase section */

/* Begin PBXGroup section */
		CD2A5C912C8F905300CCD661 = {
			isa = PBXGroup;
			children = (
				CD2A5C9C2C8F905300CCD661 /* WildHorses */,
				CD2A5CAE2C8F905400CCD661 /* WildHorsesTests */,
				CD2A5CB82C8F905500CCD661 /* WildHorsesUITests */,
				CD2A5C9B2C8F905300CCD661 /* Products */,
			);
			sourceTree = "<group>";
		};
		CD2A5C9B2C8F905300CCD661 /* Products */ = {
			isa = PBXGroup;
			children = (
				CD2A5C9A2C8F905300CCD661 /* WildHorses.app */,
				CD2A5CAB2C8F905400CCD661 /* WildHorsesTests.xctest */,
				CD2A5CB52C8F905500CCD661 /* WildHorsesUITests.xctest */,
			);
			name = Products;
			sourceTree = "<group>";
		};
		CD2A5C9C2C8F905300CCD661 /* WildHorses */ = {
			isa = PBXGroup;
			children = (
				CD4EE8E62E55FDA2007386D9 /* UI */,
				CD3A49072E5543AF00C07DF7 /* GameSetup */,
				CD3A48FC2E5281DA00C07DF7 /* Scenes */,
				CD2A5C9D2C8F905300CCD661 /* WildHorsesApp.swift */,
				CD2A5CA32C8F905400CCD661 /* WildHorses.entitlements */,
				CD2A5CA42C8F905400CCD661 /* Preview Content */,
				CD12169A2C8F970200420E1D /* Extension.swift */,
			);
			path = WildHorses;
			sourceTree = "<group>";
		};
		CD2A5CA42C8F905400CCD661 /* Preview Content */ = {
			isa = PBXGroup;
			children = (
				CD2A5CA52C8F905400CCD661 /* Preview Assets.xcassets */,
			);
			path = "Preview Content";
			sourceTree = "<group>";
		};
		CD2A5CAE2C8F905400CCD661 /* WildHorsesTests */ = {
			isa = PBXGroup;
			children = (
				CD2A5CAF2C8F905500CCD661 /* WildHorsesTests.swift */,
			);
			path = WildHorsesTests;
			sourceTree = "<group>";
		};
		CD2A5CB82C8F905500CCD661 /* WildHorsesUITests */ = {
			isa = PBXGroup;
			children = (
				CD2A5CB92C8F905500CCD661 /* WildHorsesUITests.swift */,
				CD2A5CBB2C8F905500CCD661 /* WildHorsesUITestsLaunchTests.swift */,
			);
			path = WildHorsesUITests;
			sourceTree = "<group>";
		};
		CD4EE8DE2E55FDA2007386D9 /* Navigation */ = {
			isa = PBXGroup;
			children = (
				CD4EE8DD2E55FDA2007386D9 /* RouteViews.swift */,
			);
			path = Navigation;
			sourceTree = "<group>";
		};
		CD4EE8E12E55FDA2007386D9 /* SpriteSheets */ = {
			isa = PBXGroup;
			children = (
				CD4EE8DF2E55FDA2007386D9 /* Girl.atlas */,
				CD4EE8E02E55FDA2007386D9 /* Horse.atlas */,
			);
			path = SpriteSheets;
			sourceTree = "<group>";
		};
		CD4EE8E42E55FDA2007386D9 /* Views */ = {
			isa = PBXGroup;
			children = (
				CD4EE8E22E55FDA2007386D9 /* CatchHorsesView.swift */,
				CD4EE8E32E55FDA2007386D9 /* MenuView.swift */,
			);
			path = Views;
			sourceTree = "<group>";
		};
		CD4EE8E62E55FDA2007386D9 /* UI */ = {
			isa = PBXGroup;
			children = (
				CD4EE8DE2E55FDA2007386D9 /* Navigation */,
				CD4EE8E12E55FDA2007386D9 /* SpriteSheets */,
				CD4EE8E42E55FDA2007386D9 /* Views */,
				CD4EE8E52E55FDA2007386D9 /* Assets.xcassets */,
			);
			path = UI;
			sourceTree = "<group>";
		};
/* End PBXGroup section */

/* Begin PBXNativeTarget section */
		CD2A5C992C8F905300CCD661 /* WildHorses */ = {
			isa = PBXNativeTarget;
			buildConfigurationList = CD2A5CBF2C8F905500CCD661 /* Build configuration list for PBXNativeTarget "WildHorses" */;
			buildPhases = (
				CD2A5C962C8F905300CCD661 /* Sources */,
				CD2A5C972C8F905300CCD661 /* Frameworks */,
				CD2A5C982C8F905300CCD661 /* Resources */,
			);
			buildRules = (
			);
			dependencies = (
			);
			fileSystemSynchronizedGroups = (
				CD3A48FC2E5281DA00C07DF7 /* Scenes */,
				CD3A49072E5543AF00C07DF7 /* GameSetup */,
			);
			name = WildHorses;
			productName = WildHorses;
			productReference = CD2A5C9A2C8F905300CCD661 /* WildHorses.app */;
			productType = "com.apple.product-type.application";
		};
		CD2A5CAA2C8F905400CCD661 /* WildHorsesTests */ = {
			isa = PBXNativeTarget;
			buildConfigurationList = CD2A5CC22C8F905500CCD661 /* Build configuration list for PBXNativeTarget "WildHorsesTests" */;
			buildPhases = (
				CD2A5CA72C8F905400CCD661 /* Sources */,
				CD2A5CA82C8F905400CCD661 /* Frameworks */,
				CD2A5CA92C8F905400CCD661 /* Resources */,
			);
			buildRules = (
			);
			dependencies = (
				CD2A5CAD2C8F905400CCD661 /* PBXTargetDependency */,
			);
			name = WildHorsesTests;
			productName = WildHorsesTests;
			productReference = CD2A5CAB2C8F905400CCD661 /* WildHorsesTests.xctest */;
			productType = "com.apple.product-type.bundle.unit-test";
		};
		CD2A5CB42C8F905500CCD661 /* WildHorsesUITests */ = {
			isa = PBXNativeTarget;
			buildConfigurationList = CD2A5CC52C8F905500CCD661 /* Build configuration list for PBXNativeTarget "WildHorsesUITests" */;
			buildPhases = (
				CD2A5CB12C8F905500CCD661 /* Sources */,
				CD2A5CB22C8F905500CCD661 /* Frameworks */,
				CD2A5CB32C8F905500CCD661 /* Resources */,
			);
			buildRules = (
			);
			dependencies = (
				CD2A5CB72C8F905500CCD661 /* PBXTargetDependency */,
			);
			name = WildHorsesUITests;
			productName = WildHorsesUITests;
			productReference = CD2A5CB52C8F905500CCD661 /* WildHorsesUITests.xctest */;
			productType = "com.apple.product-type.bundle.ui-testing";
		};
/* End PBXNativeTarget section */

/* Begin PBXProject section */
		CD2A5C922C8F905300CCD661 /* Project object */ = {
			isa = PBXProject;
			attributes = {
				BuildIndependentTargetsInParallel = 1;
				LastSwiftUpdateCheck = 1540;
				LastUpgradeCheck = 1540;
				TargetAttributes = {
					CD2A5C992C8F905300CCD661 = {
						CreatedOnToolsVersion = 15.4;
					};
					CD2A5CAA2C8F905400CCD661 = {
						CreatedOnToolsVersion = 15.4;
						TestTargetID = CD2A5C992C8F905300CCD661;
					};
					CD2A5CB42C8F905500CCD661 = {
						CreatedOnToolsVersion = 15.4;
						TestTargetID = CD2A5C992C8F905300CCD661;
					};
				};
			};
			buildConfigurationList = CD2A5C952C8F905300CCD661 /* Build configuration list for PBXProject "WildHorses" */;
			compatibilityVersion = "Xcode 14.0";
			developmentRegion = en;
			hasScannedForEncodings = 0;
			knownRegions = (
				en,
				Base,
			);
			mainGroup = CD2A5C912C8F905300CCD661;
			productRefGroup = CD2A5C9B2C8F905300CCD661 /* Products */;
			projectDirPath = "";
			projectRoot = "";
			targets = (
				CD2A5C992C8F905300CCD661 /* WildHorses */,
				CD2A5CAA2C8F905400CCD661 /* WildHorsesTests */,
				CD2A5CB42C8F905500CCD661 /* WildHorsesUITests */,
			);
		};
/* End PBXProject section */

/* Begin PBXResourcesBuildPhase section */
		CD2A5C982C8F905300CCD661 /* Resources */ = {
			isa = PBXResourcesBuildPhase;
			buildActionMask = 2147483647;
			files = (
				CD2A5CA62C8F905400CCD661 /* Preview Assets.xcassets in Resources */,
				CD4EE8E72E55FDA2007386D9 /* Girl.atlas in Resources */,
				CD4EE8E82E55FDA2007386D9 /* Assets.xcassets in Resources */,
				CD4EE8E92E55FDA2007386D9 /* Horse.atlas in Resources */,
			);
			runOnlyForDeploymentPostprocessing = 0;
		};
		CD2A5CA92C8F905400CCD661 /* Resources */ = {
			isa = PBXResourcesBuildPhase;
			buildActionMask = 2147483647;
			files = (
			);
			runOnlyForDeploymentPostprocessing = 0;
		};
		CD2A5CB32C8F905500CCD661 /* Resources */ = {
			isa = PBXResourcesBuildPhase;
			buildActionMask = 2147483647;
			files = (
			);
			runOnlyForDeploymentPostprocessing = 0;
		};
/* End PBXResourcesBuildPhase section */

/* Begin PBXSourcesBuildPhase section */
		CD2A5C962C8F905300CCD661 /* Sources */ = {
			isa = PBXSourcesBuildPhase;
			buildActionMask = 2147483647;
			files = (
				CD2A5C9E2C8F905300CCD661 /* WildHorsesApp.swift in Sources */,
				CD12169B2C8F970200420E1D /* Extension.swift in Sources */,
				CD4EE8EA2E55FDA2007386D9 /* MenuView.swift in Sources */,
				CD4EE8EB2E55FDA2007386D9 /* CatchHorsesView.swift in Sources */,
				CD4EE8EC2E55FDA2007386D9 /* RouteViews.swift in Sources */,
			);
			runOnlyForDeploymentPostprocessing = 0;
		};
		CD2A5CA72C8F905400CCD661 /* Sources */ = {
			isa = PBXSourcesBuildPhase;
			buildActionMask = 2147483647;
			files = (
				CD2A5CB02C8F905500CCD661 /* WildHorsesTests.swift in Sources */,
			);
			runOnlyForDeploymentPostprocessing = 0;
		};
		CD2A5CB12C8F905500CCD661 /* Sources */ = {
			isa = PBXSourcesBuildPhase;
			buildActionMask = 2147483647;
			files = (
				CD2A5CBC2C8F905500CCD661 /* WildHorsesUITestsLaunchTests.swift in Sources */,
				CD2A5CBA2C8F905500CCD661 /* WildHorsesUITests.swift in Sources */,
			);
			runOnlyForDeploymentPostprocessing = 0;
		};
/* End PBXSourcesBuildPhase section */

/* Begin PBXTargetDependency section */
		CD2A5CAD2C8F905400CCD661 /* PBXTargetDependency */ = {
			isa = PBXTargetDependency;
			target = CD2A5C992C8F905300CCD661 /* WildHorses */;
			targetProxy = CD2A5CAC2C8F905400CCD661 /* PBXContainerItemProxy */;
		};
		CD2A5CB72C8F905500CCD661 /* PBXTargetDependency */ = {
			isa = PBXTargetDependency;
			target = CD2A5C992C8F905300CCD661 /* WildHorses */;
			targetProxy = CD2A5CB62C8F905500CCD661 /* PBXContainerItemProxy */;
		};
/* End PBXTargetDependency section */

/* Begin XCBuildConfiguration section */
		CD2A5CBD2C8F905500CCD661 /* Debug */ = {
			isa = XCBuildConfiguration;
			buildSettings = {
				ALWAYS_SEARCH_USER_PATHS = NO;
				ASSETCATALOG_COMPILER_GENERATE_SWIFT_ASSET_SYMBOL_EXTENSIONS = YES;
				CLANG_ANALYZER_NONNULL = YES;
				CLANG_ANALYZER_NUMBER_OBJECT_CONVERSION = YES_AGGRESSIVE;
				CLANG_CXX_LANGUAGE_STANDARD = "gnu++20";
				CLANG_ENABLE_MODULES = YES;
				CLANG_ENABLE_OBJC_ARC = YES;
				CLANG_ENABLE_OBJC_WEAK = YES;
				CLANG_WARN_BLOCK_CAPTURE_AUTORELEASING = YES;
				CLANG_WARN_BOOL_CONVERSION = YES;
				CLANG_WARN_COMMA = YES;
				CLANG_WARN_CONSTANT_CONVERSION = YES;
				CLANG_WARN_DEPRECATED_OBJC_IMPLEMENTATIONS = YES;
				CLANG_WARN_DIRECT_OBJC_ISA_USAGE = YES_ERROR;
				CLANG_WARN_DOCUMENTATION_COMMENTS = YES;
				CLANG_WARN_EMPTY_BODY = YES;
				CLANG_WARN_ENUM_CONVERSION = YES;
				CLANG_WARN_INFINITE_RECURSION = YES;
				CLANG_WARN_INT_CONVERSION = YES;
				CLANG_WARN_NON_LITERAL_NULL_CONVERSION = YES;
				CLANG_WARN_OBJC_IMPLICIT_RETAIN_SELF = YES;
				CLANG_WARN_OBJC_LITERAL_CONVERSION = YES;
				CLANG_WARN_OBJC_ROOT_CLASS = YES_ERROR;
				CLANG_WARN_QUOTED_INCLUDE_IN_FRAMEWORK_HEADER = YES;
				CLANG_WARN_RANGE_LOOP_ANALYSIS = YES;
				CLANG_WARN_STRICT_PROTOTYPES = YES;
				CLANG_WARN_SUSPICIOUS_MOVE = YES;
				CLANG_WARN_UNGUARDED_AVAILABILITY = YES_AGGRESSIVE;
				CLANG_WARN_UNREACHABLE_CODE = YES;
				CLANG_WARN__DUPLICATE_METHOD_MATCH = YES;
				COPY_PHASE_STRIP = NO;
				DEBUG_INFORMATION_FORMAT = dwarf;
				ENABLE_STRICT_OBJC_MSGSEND = YES;
				ENABLE_TESTABILITY = YES;
				ENABLE_USER_SCRIPT_SANDBOXING = YES;
				GCC_C_LANGUAGE_STANDARD = gnu17;
				GCC_DYNAMIC_NO_PIC = NO;
				GCC_NO_COMMON_BLOCKS = YES;
				GCC_OPTIMIZATION_LEVEL = 0;
				GCC_PREPROCESSOR_DEFINITIONS = (
					"DEBUG=1",
					"$(inherited)",
				);
				GCC_WARN_64_TO_32_BIT_CONVERSION = YES;
				GCC_WARN_ABOUT_RETURN_TYPE = YES_ERROR;
				GCC_WARN_UNDECLARED_SELECTOR = YES;
				GCC_WARN_UNINITIALIZED_AUTOS = YES_AGGRESSIVE;
				GCC_WARN_UNUSED_FUNCTION = YES;
				GCC_WARN_UNUSED_VARIABLE = YES;
				LOCALIZATION_PREFERS_STRING_CATALOGS = YES;
				MTL_ENABLE_DEBUG_INFO = INCLUDE_SOURCE;
				MTL_FAST_MATH = YES;
				ONLY_ACTIVE_ARCH = YES;
				SWIFT_ACTIVE_COMPILATION_CONDITIONS = "DEBUG $(inherited)";
				SWIFT_OPTIMIZATION_LEVEL = "-Onone";
			};
			name = Debug;
		};
		CD2A5CBE2C8F905500CCD661 /* Release */ = {
			isa = XCBuildConfiguration;
			buildSettings = {
				ALWAYS_SEARCH_USER_PATHS = NO;
				ASSETCATALOG_COMPILER_GENERATE_SWIFT_ASSET_SYMBOL_EXTENSIONS = YES;
				CLANG_ANALYZER_NONNULL = YES;
				CLANG_ANALYZER_NUMBER_OBJECT_CONVERSION = YES_AGGRESSIVE;
				CLANG_CXX_LANGUAGE_STANDARD = "gnu++20";
				CLANG_ENABLE_MODULES = YES;
				CLANG_ENABLE_OBJC_ARC = YES;
				CLANG_ENABLE_OBJC_WEAK = YES;
				CLANG_WARN_BLOCK_CAPTURE_AUTORELEASING = YES;
				CLANG_WARN_BOOL_CONVERSION = YES;
				CLANG_WARN_COMMA = YES;
				CLANG_WARN_CONSTANT_CONVERSION = YES;
				CLANG_WARN_DEPRECATED_OBJC_IMPLEMENTATIONS = YES;
				CLANG_WARN_DIRECT_OBJC_ISA_USAGE = YES_ERROR;
				CLANG_WARN_DOCUMENTATION_COMMENTS = YES;
				CLANG_WARN_EMPTY_BODY = YES;
				CLANG_WARN_ENUM_CONVERSION = YES;
				CLANG_WARN_INFINITE_RECURSION = YES;
				CLANG_WARN_INT_CONVERSION = YES;
				CLANG_WARN_NON_LITERAL_NULL_CONVERSION = YES;
				CLANG_WARN_OBJC_IMPLICIT_RETAIN_SELF = YES;
				CLANG_WARN_OBJC_LITERAL_CONVERSION = YES;
				CLANG_WARN_OBJC_ROOT_CLASS = YES_ERROR;
				CLANG_WARN_QUOTED_INCLUDE_IN_FRAMEWORK_HEADER = YES;
				CLANG_WARN_RANGE_LOOP_ANALYSIS = YES;
				CLANG_WARN_STRICT_PROTOTYPES = YES;
				CLANG_WARN_SUSPICIOUS_MOVE = YES;
				CLANG_WARN_UNGUARDED_AVAILABILITY = YES_AGGRESSIVE;
				CLANG_WARN_UNREACHABLE_CODE = YES;
				CLANG_WARN__DUPLICATE_METHOD_MATCH = YES;
				COPY_PHASE_STRIP = NO;
				DEBUG_INFORMATION_FORMAT = "dwarf-with-dsym";
				ENABLE_NS_ASSERTIONS = NO;
				ENABLE_STRICT_OBJC_MSGSEND = YES;
				ENABLE_USER_SCRIPT_SANDBOXING = YES;
				GCC_C_LANGUAGE_STANDARD = gnu17;
				GCC_NO_COMMON_BLOCKS = YES;
				GCC_WARN_64_TO_32_BIT_CONVERSION = YES;
				GCC_WARN_ABOUT_RETURN_TYPE = YES_ERROR;
				GCC_WARN_UNDECLARED_SELECTOR = YES;
				GCC_WARN_UNINITIALIZED_AUTOS = YES_AGGRESSIVE;
				GCC_WARN_UNUSED_FUNCTION = YES;
				GCC_WARN_UNUSED_VARIABLE = YES;
				LOCALIZATION_PREFERS_STRING_CATALOGS = YES;
				MTL_ENABLE_DEBUG_INFO = NO;
				MTL_FAST_MATH = YES;
				SWIFT_COMPILATION_MODE = wholemodule;
			};
			name = Release;
		};
		CD2A5CC02C8F905500CCD661 /* Debug */ = {
			isa = XCBuildConfiguration;
			buildSettings = {
				ASSETCATALOG_COMPILER_APPICON_NAME = AppIcon;
				ASSETCATALOG_COMPILER_GLOBAL_ACCENT_COLOR_NAME = AccentColor;
				CODE_SIGN_ENTITLEMENTS = WildHorses/WildHorses.entitlements;
				CODE_SIGN_STYLE = Automatic;
				CURRENT_PROJECT_VERSION = 1;
				DEVELOPMENT_ASSET_PATHS = "\"WildHorses/Preview Content\"";
				ENABLE_PREVIEWS = YES;
				GENERATE_INFOPLIST_FILE = YES;
				INFOPLIST_KEY_CFBundleDisplayName = "Wild Horses";
				INFOPLIST_KEY_LSApplicationCategoryType = "public.app-category.kids-games";
				"INFOPLIST_KEY_UIApplicationSceneManifest_Generation[sdk=iphoneos*]" = YES;
				"INFOPLIST_KEY_UIApplicationSceneManifest_Generation[sdk=iphonesimulator*]" = YES;
				"INFOPLIST_KEY_UIApplicationSupportsIndirectInputEvents[sdk=iphoneos*]" = YES;
				"INFOPLIST_KEY_UIApplicationSupportsIndirectInputEvents[sdk=iphonesimulator*]" = YES;
				"INFOPLIST_KEY_UILaunchScreen_Generation[sdk=iphoneos*]" = YES;
				"INFOPLIST_KEY_UILaunchScreen_Generation[sdk=iphonesimulator*]" = YES;
				"INFOPLIST_KEY_UIStatusBarStyle[sdk=iphoneos*]" = UIStatusBarStyleDefault;
				"INFOPLIST_KEY_UIStatusBarStyle[sdk=iphonesimulator*]" = UIStatusBarStyleDefault;
				INFOPLIST_KEY_UISupportedInterfaceOrientations = "UIInterfaceOrientationLandscapeLeft UIInterfaceOrientationLandscapeRight UIInterfaceOrientationPortrait UIInterfaceOrientationPortraitUpsideDown";
				IPHONEOS_DEPLOYMENT_TARGET = 18.0;
				LD_RUNPATH_SEARCH_PATHS = "@executable_path/Frameworks";
				"LD_RUNPATH_SEARCH_PATHS[sdk=macosx*]" = "@executable_path/../Frameworks";
				MACOSX_DEPLOYMENT_TARGET = 14.5;
				MARKETING_VERSION = 1.0;
				PRODUCT_BUNDLE_IDENTIFIER = miri.WildHorses;
				PRODUCT_NAME = "$(TARGET_NAME)";
				SDKROOT = auto;
				SUPPORTED_PLATFORMS = "iphoneos iphonesimulator";
				SUPPORTS_MACCATALYST = NO;
				SWIFT_EMIT_LOC_STRINGS = YES;
				SWIFT_VERSION = 5.0;
				TARGETED_DEVICE_FAMILY = "1,2";
			};
			name = Debug;
		};
		CD2A5CC12C8F905500CCD661 /* Release */ = {
			isa = XCBuildConfiguration;
			buildSettings = {
				ASSETCATALOG_COMPILER_APPICON_NAME = AppIcon;
				ASSETCATALOG_COMPILER_GLOBAL_ACCENT_COLOR_NAME = AccentColor;
				CODE_SIGN_ENTITLEMENTS = WildHorses/WildHorses.entitlements;
				CODE_SIGN_STYLE = Automatic;
				CURRENT_PROJECT_VERSION = 1;
				DEVELOPMENT_ASSET_PATHS = "\"WildHorses/Preview Content\"";
				ENABLE_PREVIEWS = YES;
				GENERATE_INFOPLIST_FILE = YES;
				INFOPLIST_KEY_CFBundleDisplayName = "Wild Horses";
				INFOPLIST_KEY_LSApplicationCategoryType = "public.app-category.kids-games";
				"INFOPLIST_KEY_UIApplicationSceneManifest_Generation[sdk=iphoneos*]" = YES;
				"INFOPLIST_KEY_UIApplicationSceneManifest_Generation[sdk=iphonesimulator*]" = YES;
				"INFOPLIST_KEY_UIApplicationSupportsIndirectInputEvents[sdk=iphoneos*]" = YES;
				"INFOPLIST_KEY_UIApplicationSupportsIndirectInputEvents[sdk=iphonesimulator*]" = YES;
				"INFOPLIST_KEY_UILaunchScreen_Generation[sdk=iphoneos*]" = YES;
				"INFOPLIST_KEY_UILaunchScreen_Generation[sdk=iphonesimulator*]" = YES;
				"INFOPLIST_KEY_UIStatusBarStyle[sdk=iphoneos*]" = UIStatusBarStyleDefault;
				"INFOPLIST_KEY_UIStatusBarStyle[sdk=iphonesimulator*]" = UIStatusBarStyleDefault;
				INFOPLIST_KEY_UISupportedInterfaceOrientations = "UIInterfaceOrientationLandscapeLeft UIInterfaceOrientationLandscapeRight UIInterfaceOrientationPortrait UIInterfaceOrientationPortraitUpsideDown";
				IPHONEOS_DEPLOYMENT_TARGET = 18.0;
				LD_RUNPATH_SEARCH_PATHS = "@executable_path/Frameworks";
				"LD_RUNPATH_SEARCH_PATHS[sdk=macosx*]" = "@executable_path/../Frameworks";
				MACOSX_DEPLOYMENT_TARGET = 14.5;
				MARKETING_VERSION = 1.0;
				PRODUCT_BUNDLE_IDENTIFIER = miri.WildHorses;
				PRODUCT_NAME = "$(TARGET_NAME)";
				SDKROOT = auto;
				SUPPORTED_PLATFORMS = "iphoneos iphonesimulator";
				SUPPORTS_MACCATALYST = NO;
				SWIFT_EMIT_LOC_STRINGS = YES;
				SWIFT_VERSION = 5.0;
				TARGETED_DEVICE_FAMILY = "1,2";
			};
			name = Release;
		};
		CD2A5CC32C8F905500CCD661 /* Debug */ = {
			isa = XCBuildConfiguration;
			buildSettings = {
				ALWAYS_EMBED_SWIFT_STANDARD_LIBRARIES = YES;
				BUNDLE_LOADER = "$(TEST_HOST)";
				CODE_SIGN_STYLE = Automatic;
				CURRENT_PROJECT_VERSION = 1;
				GENERATE_INFOPLIST_FILE = YES;
				IPHONEOS_DEPLOYMENT_TARGET = 17.5;
				MACOSX_DEPLOYMENT_TARGET = 14.5;
				MARKETING_VERSION = 1.0;
				PRODUCT_BUNDLE_IDENTIFIER = miri.WildHorsesTests;
				PRODUCT_NAME = "$(TARGET_NAME)";
				SDKROOT = auto;
				SUPPORTED_PLATFORMS = "iphoneos iphonesimulator macosx";
				SWIFT_EMIT_LOC_STRINGS = NO;
				SWIFT_VERSION = 5.0;
				TARGETED_DEVICE_FAMILY = "1,2";
				TEST_HOST = "$(BUILT_PRODUCTS_DIR)/WildHorses.app/$(BUNDLE_EXECUTABLE_FOLDER_PATH)/WildHorses";
			};
			name = Debug;
		};
		CD2A5CC42C8F905500CCD661 /* Release */ = {
			isa = XCBuildConfiguration;
			buildSettings = {
				ALWAYS_EMBED_SWIFT_STANDARD_LIBRARIES = YES;
				BUNDLE_LOADER = "$(TEST_HOST)";
				CODE_SIGN_STYLE = Automatic;
				CURRENT_PROJECT_VERSION = 1;
				GENERATE_INFOPLIST_FILE = YES;
				IPHONEOS_DEPLOYMENT_TARGET = 17.5;
				MACOSX_DEPLOYMENT_TARGET = 14.5;
				MARKETING_VERSION = 1.0;
				PRODUCT_BUNDLE_IDENTIFIER = miri.WildHorsesTests;
				PRODUCT_NAME = "$(TARGET_NAME)";
				SDKROOT = auto;
				SUPPORTED_PLATFORMS = "iphoneos iphonesimulator macosx";
				SWIFT_EMIT_LOC_STRINGS = NO;
				SWIFT_VERSION = 5.0;
				TARGETED_DEVICE_FAMILY = "1,2";
				TEST_HOST = "$(BUILT_PRODUCTS_DIR)/WildHorses.app/$(BUNDLE_EXECUTABLE_FOLDER_PATH)/WildHorses";
			};
			name = Release;
		};
		CD2A5CC62C8F905500CCD661 /* Debug */ = {
			isa = XCBuildConfiguration;
			buildSettings = {
				ALWAYS_EMBED_SWIFT_STANDARD_LIBRARIES = YES;
				CODE_SIGN_STYLE = Automatic;
				CURRENT_PROJECT_VERSION = 1;
				GENERATE_INFOPLIST_FILE = YES;
				IPHONEOS_DEPLOYMENT_TARGET = 17.5;
				MACOSX_DEPLOYMENT_TARGET = 14.5;
				MARKETING_VERSION = 1.0;
				PRODUCT_BUNDLE_IDENTIFIER = miri.WildHorsesUITests;
				PRODUCT_NAME = "$(TARGET_NAME)";
				SDKROOT = auto;
				SUPPORTED_PLATFORMS = "iphoneos iphonesimulator macosx";
				SWIFT_EMIT_LOC_STRINGS = NO;
				SWIFT_VERSION = 5.0;
				TARGETED_DEVICE_FAMILY = "1,2";
				TEST_TARGET_NAME = WildHorses;
			};
			name = Debug;
		};
		CD2A5CC72C8F905500CCD661 /* Release */ = {
			isa = XCBuildConfiguration;
			buildSettings = {
				ALWAYS_EMBED_SWIFT_STANDARD_LIBRARIES = YES;
				CODE_SIGN_STYLE = Automatic;
				CURRENT_PROJECT_VERSION = 1;
				GENERATE_INFOPLIST_FILE = YES;
				IPHONEOS_DEPLOYMENT_TARGET = 17.5;
				MACOSX_DEPLOYMENT_TARGET = 14.5;
				MARKETING_VERSION = 1.0;
				PRODUCT_BUNDLE_IDENTIFIER = miri.WildHorsesUITests;
				PRODUCT_NAME = "$(TARGET_NAME)";
				SDKROOT = auto;
				SUPPORTED_PLATFORMS = "iphoneos iphonesimulator macosx";
				SWIFT_EMIT_LOC_STRINGS = NO;
				SWIFT_VERSION = 5.0;
				TARGETED_DEVICE_FAMILY = "1,2";
				TEST_TARGET_NAME = WildHorses;
			};
			name = Release;
		};
/* End XCBuildConfiguration section */

/* Begin XCConfigurationList section */
		CD2A5C952C8F905300CCD661 /* Build configuration list for PBXProject "WildHorses" */ = {
			isa = XCConfigurationList;
			buildConfigurations = (
				CD2A5CBD2C8F905500CCD661 /* Debug */,
				CD2A5CBE2C8F905500CCD661 /* Release */,
			);
			defaultConfigurationIsVisible = 0;
			defaultConfigurationName = Release;
		};
		CD2A5CBF2C8F905500CCD661 /* Build configuration list for PBXNativeTarget "WildHorses" */ = {
			isa = XCConfigurationList;
			buildConfigurations = (
				CD2A5CC02C8F905500CCD661 /* Debug */,
				CD2A5CC12C8F905500CCD661 /* Release */,
			);
			defaultConfigurationIsVisible = 0;
			defaultConfigurationName = Release;
		};
		CD2A5CC22C8F905500CCD661 /* Build configuration list for PBXNativeTarget "WildHorsesTests" */ = {
			isa = XCConfigurationList;
			buildConfigurations = (
				CD2A5CC32C8F905500CCD661 /* Debug */,
				CD2A5CC42C8F905500CCD661 /* Release */,
			);
			defaultConfigurationIsVisible = 0;
			defaultConfigurationName = Release;
		};
		CD2A5CC52C8F905500CCD661 /* Build configuration list for PBXNativeTarget "WildHorsesUITests" */ = {
			isa = XCConfigurationList;
			buildConfigurations = (
				CD2A5CC62C8F905500CCD661 /* Debug */,
				CD2A5CC72C8F905500CCD661 /* Release */,
			);
			defaultConfigurationIsVisible = 0;
			defaultConfigurationName = Release;
		};
/* End XCConfigurationList section */
	};
	rootObject = CD2A5C922C8F905300CCD661 /* Project object */;
}
